
Microsoft Visual Studio Solution File, Format Version 12.00
# Visual Studio Version 16
VisualStudioVersion = 16.0.28407.52
MinimumVisualStudioVersion = 10.0.40219.1
Project("{2150E333-8FDC-42A3-9474-1A3956D46DE8}") = "Source", "Source", "{030783D5-8B49-446B-B4BD-623CE9C87C7E}"
EndProject
Project("{2150E333-8FDC-42A3-9474-1A3956D46DE8}") = ".misc", ".misc", "{B67DBE97-2A64-4E27-8878-698FC381DABD}"
	ProjectSection(SolutionItems) = preProject
		build.cake = build.cake
		build.settings.json = build.settings.json
		build.version.json = build.version.json
		README.md = README.md
	EndProjectSection
EndProject
Project("{2150E333-8FDC-42A3-9474-1A3956D46DE8}") = "Tests", "Tests", "{FC9A0D21-3049-40EF-B6F1-55DA2CB685F3}"
EndProject
Project("{2150E333-8FDC-42A3-9474-1A3956D46DE8}") = ".nuget", ".nuget", "{170B64E1-5A0B-4469-A44D-BEEB9E88889D}"
	ProjectSection(SolutionItems) = preProject
		.nuget\NuGet.Config = .nuget\NuGet.Config
	EndProjectSection
EndProject
Project("{9A19103F-16F7-4668-BE54-9A1E7A4F7556}") = "Invisionware.Settings", "src\Invisionware.Settings\Invisionware.Settings.csproj", "{420941C7-45D7-482A-97D1-F12F0E4C0193}"
EndProject
Project("{9A19103F-16F7-4668-BE54-9A1E7A4F7556}") = "Invisionware.Settings.Overrides.AppConfig", "src\Invisionware.Settings.Overrides.AppConfig\Invisionware.Settings.Overrides.AppConfig.csproj", "{C26548B1-BA0A-48B3-A1F6-466CD81BFD11}"
EndProject
Project("{9A19103F-16F7-4668-BE54-9A1E7A4F7556}") = "Invisionware.Settings.Overrides.AzureConfigurationManager", "src\Invisionware.Settings.Overrides.AzureConfigurationManager\Invisionware.Settings.Overrides.AzureConfigurationManager.csproj", "{4C374FAD-F45E-454A-AA35-308DBBAE31EB}"
EndProject
Project("{9A19103F-16F7-4668-BE54-9A1E7A4F7556}") = "Invisionware.Settings.Sinks.AzureStorage", "src\Invisionware.Settings.Sinks.AzureStorage\Invisionware.Settings.Sinks.AzureStorage.csproj", "{2470819F-0858-4219-9617-B39C010675D5}"
EndProject
Project("{9A19103F-16F7-4668-BE54-9A1E7A4F7556}") = "Invisionware.Settings.Sinks.AzureDocumentDb", "src\Invisionware.Settings.Sinks.AzureDocumentDb\Invisionware.Settings.Sinks.AzureDocumentDb.csproj", "{86631200-8F6B-4FAC-8086-28017AC4E7A5}"
EndProject
Project("{9A19103F-16F7-4668-BE54-9A1E7A4F7556}") = "Invisionware.Settings.Tests", "tests\Invisionware.Settings.Tests\Invisionware.Settings.Tests.csproj", "{395B3D75-6D59-42C4-9839-D81EE6160411}"
EndProject
Project("{9A19103F-16F7-4668-BE54-9A1E7A4F7556}") = "Invisionware.Settings.Sinks.JsonNet", "src\Invisionware.Settings.Sinks.JsonNet\Invisionware.Settings.Sinks.JsonNet.csproj", "{52B59E7D-507D-49C5-A34B-62E1B9F25A85}"
EndProject
Project("{9A19103F-16F7-4668-BE54-9A1E7A4F7556}") = "Invisionware.Settings.Overrides.CommandLineParser", "src\Invisionware.Settings.Overrides.CommandLineParser\Invisionware.Settings.Overrides.CommandLineParser.csproj", "{10E2553A-9CB0-47C9-8907-6C5C80E10FC9}"
EndProject
Project("{2150E333-8FDC-42A3-9474-1A3956D46DE8}") = "Sinks", "Sinks", "{EBDA1AB9-8272-462A-A0D2-1FDE39F390AA}"
EndProject
Project("{2150E333-8FDC-42A3-9474-1A3956D46DE8}") = "Overrides", "Overrides", "{8D0B2FDE-4C03-437C-82AE-090FC5B18D0B}"
EndProject
Project("{9A19103F-16F7-4668-BE54-9A1E7A4F7556}") = "Invisionware.Settings.Sinks.ConfigBuilder", "src\Invisionware.Settings.Sinks.ConfigBuilder\Invisionware.Settings.Sinks.ConfigBuilder.csproj", "{00970A98-54CB-4718-8ADF-6432C9A7B8A3}"
EndProject
Project("{9A19103F-16F7-4668-BE54-9A1E7A4F7556}") = "Invisionware.Settings.Sinks.AzureCloudAppConfig", "src\Invisionware.Settings.Sinks.AzureCloudAppConfig\Invisionware.Settings.Sinks.AzureCloudAppConfig.csproj", "{8AEBE824-4AAB-4E30-B5F3-CEA40D333E47}"
EndProject
Project("{9A19103F-16F7-4668-BE54-9A1E7A4F7556}") = "Invisionware.Settings.Sinks.SystemAppConfig", "src\Invisionware.Settings.Sinks.SystemAppConfig\Invisionware.Settings.Sinks.SystemAppConfig.csproj", "{04F14845-4848-4CC7-A6DB-0F84E8F1D932}"
EndProject
Global
	GlobalSection(SolutionConfigurationPlatforms) = preSolution
		Debug|Any CPU = Debug|Any CPU
		Debug|ARM = Debug|ARM
		Debug|x64 = Debug|x64
		Debug|x86 = Debug|x86
		Release|Any CPU = Release|Any CPU
		Release|ARM = Release|ARM
		Release|x64 = Release|x64
		Release|x86 = Release|x86
	EndGlobalSection
	GlobalSection(ProjectConfigurationPlatforms) = postSolution
		{420941C7-45D7-482A-97D1-F12F0E4C0193}.Debug|Any CPU.ActiveCfg = Debug|Any CPU
		{420941C7-45D7-482A-97D1-F12F0E4C0193}.Debug|Any CPU.Build.0 = Debug|Any CPU
		{420941C7-45D7-482A-97D1-F12F0E4C0193}.Debug|ARM.ActiveCfg = Debug|Any CPU
		{420941C7-45D7-482A-97D1-F12F0E4C0193}.Debug|ARM.Build.0 = Debug|Any CPU
		{420941C7-45D7-482A-97D1-F12F0E4C0193}.Debug|x64.ActiveCfg = Debug|Any CPU
		{420941C7-45D7-482A-97D1-F12F0E4C0193}.Debug|x64.Build.0 = Debug|Any CPU
		{420941C7-45D7-482A-97D1-F12F0E4C0193}.Debug|x86.ActiveCfg = Debug|Any CPU
		{420941C7-45D7-482A-97D1-F12F0E4C0193}.Debug|x86.Build.0 = Debug|Any CPU
		{420941C7-45D7-482A-97D1-F12F0E4C0193}.Release|Any CPU.ActiveCfg = Release|Any CPU
		{420941C7-45D7-482A-97D1-F12F0E4C0193}.Release|Any CPU.Build.0 = Release|Any CPU
		{420941C7-45D7-482A-97D1-F12F0E4C0193}.Release|ARM.ActiveCfg = Release|Any CPU
		{420941C7-45D7-482A-97D1-F12F0E4C0193}.Release|ARM.Build.0 = Release|Any CPU
		{420941C7-45D7-482A-97D1-F12F0E4C0193}.Release|x64.ActiveCfg = Release|Any CPU
		{420941C7-45D7-482A-97D1-F12F0E4C0193}.Release|x64.Build.0 = Release|Any CPU
		{420941C7-45D7-482A-97D1-F12F0E4C0193}.Release|x86.ActiveCfg = Release|Any CPU
		{420941C7-45D7-482A-97D1-F12F0E4C0193}.Release|x86.Build.0 = Release|Any CPU
		{C26548B1-BA0A-48B3-A1F6-466CD81BFD11}.Debug|Any CPU.ActiveCfg = Debug|Any CPU
		{C26548B1-BA0A-48B3-A1F6-466CD81BFD11}.Debug|Any CPU.Build.0 = Debug|Any CPU
		{C26548B1-BA0A-48B3-A1F6-466CD81BFD11}.Debug|ARM.ActiveCfg = Debug|Any CPU
		{C26548B1-BA0A-48B3-A1F6-466CD81BFD11}.Debug|ARM.Build.0 = Debug|Any CPU
		{C26548B1-BA0A-48B3-A1F6-466CD81BFD11}.Debug|x64.ActiveCfg = Debug|Any CPU
		{C26548B1-BA0A-48B3-A1F6-466CD81BFD11}.Debug|x64.Build.0 = Debug|Any CPU
		{C26548B1-BA0A-48B3-A1F6-466CD81BFD11}.Debug|x86.ActiveCfg = Debug|Any CPU
		{C26548B1-BA0A-48B3-A1F6-466CD81BFD11}.Debug|x86.Build.0 = Debug|Any CPU
		{C26548B1-BA0A-48B3-A1F6-466CD81BFD11}.Release|Any CPU.ActiveCfg = Release|Any CPU
		{C26548B1-BA0A-48B3-A1F6-466CD81BFD11}.Release|Any CPU.Build.0 = Release|Any CPU
		{C26548B1-BA0A-48B3-A1F6-466CD81BFD11}.Release|ARM.ActiveCfg = Release|Any CPU
		{C26548B1-BA0A-48B3-A1F6-466CD81BFD11}.Release|ARM.Build.0 = Release|Any CPU
		{C26548B1-BA0A-48B3-A1F6-466CD81BFD11}.Release|x64.ActiveCfg = Release|Any CPU
		{C26548B1-BA0A-48B3-A1F6-466CD81BFD11}.Release|x64.Build.0 = Release|Any CPU
		{C26548B1-BA0A-48B3-A1F6-466CD81BFD11}.Release|x86.ActiveCfg = Release|Any CPU
		{C26548B1-BA0A-48B3-A1F6-466CD81BFD11}.Release|x86.Build.0 = Release|Any CPU
		{4C374FAD-F45E-454A-AA35-308DBBAE31EB}.Debug|Any CPU.ActiveCfg = Debug|Any CPU
		{4C374FAD-F45E-454A-AA35-308DBBAE31EB}.Debug|Any CPU.Build.0 = Debug|Any CPU
		{4C374FAD-F45E-454A-AA35-308DBBAE31EB}.Debug|ARM.ActiveCfg = Debug|Any CPU
		{4C374FAD-F45E-454A-AA35-308DBBAE31EB}.Debug|ARM.Build.0 = Debug|Any CPU
		{4C374FAD-F45E-454A-AA35-308DBBAE31EB}.Debug|x64.ActiveCfg = Debug|Any CPU
		{4C374FAD-F45E-454A-AA35-308DBBAE31EB}.Debug|x64.Build.0 = Debug|Any CPU
		{4C374FAD-F45E-454A-AA35-308DBBAE31EB}.Debug|x86.ActiveCfg = Debug|Any CPU
		{4C374FAD-F45E-454A-AA35-308DBBAE31EB}.Debug|x86.Build.0 = Debug|Any CPU
		{4C374FAD-F45E-454A-AA35-308DBBAE31EB}.Release|Any CPU.ActiveCfg = Release|Any CPU
		{4C374FAD-F45E-454A-AA35-308DBBAE31EB}.Release|Any CPU.Build.0 = Release|Any CPU
		{4C374FAD-F45E-454A-AA35-308DBBAE31EB}.Release|ARM.ActiveCfg = Release|Any CPU
		{4C374FAD-F45E-454A-AA35-308DBBAE31EB}.Release|ARM.Build.0 = Release|Any CPU
		{4C374FAD-F45E-454A-AA35-308DBBAE31EB}.Release|x64.ActiveCfg = Release|Any CPU
		{4C374FAD-F45E-454A-AA35-308DBBAE31EB}.Release|x64.Build.0 = Release|Any CPU
		{4C374FAD-F45E-454A-AA35-308DBBAE31EB}.Release|x86.ActiveCfg = Release|Any CPU
		{4C374FAD-F45E-454A-AA35-308DBBAE31EB}.Release|x86.Build.0 = Release|Any CPU
		{2470819F-0858-4219-9617-B39C010675D5}.Debug|Any CPU.ActiveCfg = Debug|Any CPU
		{2470819F-0858-4219-9617-B39C010675D5}.Debug|Any CPU.Build.0 = Debug|Any CPU
		{2470819F-0858-4219-9617-B39C010675D5}.Debug|ARM.ActiveCfg = Debug|Any CPU
		{2470819F-0858-4219-9617-B39C010675D5}.Debug|ARM.Build.0 = Debug|Any CPU
		{2470819F-0858-4219-9617-B39C010675D5}.Debug|x64.ActiveCfg = Debug|Any CPU
		{2470819F-0858-4219-9617-B39C010675D5}.Debug|x64.Build.0 = Debug|Any CPU
		{2470819F-0858-4219-9617-B39C010675D5}.Debug|x86.ActiveCfg = Debug|Any CPU
		{2470819F-0858-4219-9617-B39C010675D5}.Debug|x86.Build.0 = Debug|Any CPU
		{2470819F-0858-4219-9617-B39C010675D5}.Release|Any CPU.ActiveCfg = Release|Any CPU
		{2470819F-0858-4219-9617-B39C010675D5}.Release|Any CPU.Build.0 = Release|Any CPU
		{2470819F-0858-4219-9617-B39C010675D5}.Release|ARM.ActiveCfg = Release|Any CPU
		{2470819F-0858-4219-9617-B39C010675D5}.Release|ARM.Build.0 = Release|Any CPU
		{2470819F-0858-4219-9617-B39C010675D5}.Release|x64.ActiveCfg = Release|Any CPU
		{2470819F-0858-4219-9617-B39C010675D5}.Release|x64.Build.0 = Release|Any CPU
		{2470819F-0858-4219-9617-B39C010675D5}.Release|x86.ActiveCfg = Release|Any CPU
		{2470819F-0858-4219-9617-B39C010675D5}.Release|x86.Build.0 = Release|Any CPU
		{86631200-8F6B-4FAC-8086-28017AC4E7A5}.Debug|Any CPU.ActiveCfg = Debug|Any CPU
		{86631200-8F6B-4FAC-8086-28017AC4E7A5}.Debug|Any CPU.Build.0 = Debug|Any CPU
		{86631200-8F6B-4FAC-8086-28017AC4E7A5}.Debug|ARM.ActiveCfg = Debug|Any CPU
		{86631200-8F6B-4FAC-8086-28017AC4E7A5}.Debug|ARM.Build.0 = Debug|Any CPU
		{86631200-8F6B-4FAC-8086-28017AC4E7A5}.Debug|x64.ActiveCfg = Debug|Any CPU
		{86631200-8F6B-4FAC-8086-28017AC4E7A5}.Debug|x64.Build.0 = Debug|Any CPU
		{86631200-8F6B-4FAC-8086-28017AC4E7A5}.Debug|x86.ActiveCfg = Debug|Any CPU
		{86631200-8F6B-4FAC-8086-28017AC4E7A5}.Debug|x86.Build.0 = Debug|Any CPU
		{86631200-8F6B-4FAC-8086-28017AC4E7A5}.Release|Any CPU.ActiveCfg = Release|Any CPU
		{86631200-8F6B-4FAC-8086-28017AC4E7A5}.Release|Any CPU.Build.0 = Release|Any CPU
		{86631200-8F6B-4FAC-8086-28017AC4E7A5}.Release|ARM.ActiveCfg = Release|Any CPU
		{86631200-8F6B-4FAC-8086-28017AC4E7A5}.Release|ARM.Build.0 = Release|Any CPU
		{86631200-8F6B-4FAC-8086-28017AC4E7A5}.Release|x64.ActiveCfg = Release|Any CPU
		{86631200-8F6B-4FAC-8086-28017AC4E7A5}.Release|x64.Build.0 = Release|Any CPU
		{86631200-8F6B-4FAC-8086-28017AC4E7A5}.Release|x86.ActiveCfg = Release|Any CPU
		{86631200-8F6B-4FAC-8086-28017AC4E7A5}.Release|x86.Build.0 = Release|Any CPU
		{395B3D75-6D59-42C4-9839-D81EE6160411}.Debug|Any CPU.ActiveCfg = Debug|Any CPU
		{395B3D75-6D59-42C4-9839-D81EE6160411}.Debug|Any CPU.Build.0 = Debug|Any CPU
		{395B3D75-6D59-42C4-9839-D81EE6160411}.Debug|ARM.ActiveCfg = Debug|Any CPU
		{395B3D75-6D59-42C4-9839-D81EE6160411}.Debug|ARM.Build.0 = Debug|Any CPU
		{395B3D75-6D59-42C4-9839-D81EE6160411}.Debug|x64.ActiveCfg = Debug|Any CPU
		{395B3D75-6D59-42C4-9839-D81EE6160411}.Debug|x64.Build.0 = Debug|Any CPU
		{395B3D75-6D59-42C4-9839-D81EE6160411}.Debug|x86.ActiveCfg = Debug|Any CPU
		{395B3D75-6D59-42C4-9839-D81EE6160411}.Debug|x86.Build.0 = Debug|Any CPU
		{395B3D75-6D59-42C4-9839-D81EE6160411}.Release|Any CPU.ActiveCfg = Release|Any CPU
		{395B3D75-6D59-42C4-9839-D81EE6160411}.Release|Any CPU.Build.0 = Release|Any CPU
		{395B3D75-6D59-42C4-9839-D81EE6160411}.Release|ARM.ActiveCfg = Release|Any CPU
		{395B3D75-6D59-42C4-9839-D81EE6160411}.Release|ARM.Build.0 = Release|Any CPU
		{395B3D75-6D59-42C4-9839-D81EE6160411}.Release|x64.ActiveCfg = Release|Any CPU
		{395B3D75-6D59-42C4-9839-D81EE6160411}.Release|x64.Build.0 = Release|Any CPU
		{395B3D75-6D59-42C4-9839-D81EE6160411}.Release|x86.ActiveCfg = Release|Any CPU
		{395B3D75-6D59-42C4-9839-D81EE6160411}.Release|x86.Build.0 = Release|Any CPU
		{52B59E7D-507D-49C5-A34B-62E1B9F25A85}.Debug|Any CPU.ActiveCfg = Debug|Any CPU
		{52B59E7D-507D-49C5-A34B-62E1B9F25A85}.Debug|Any CPU.Build.0 = Debug|Any CPU
		{52B59E7D-507D-49C5-A34B-62E1B9F25A85}.Debug|ARM.ActiveCfg = Debug|Any CPU
		{52B59E7D-507D-49C5-A34B-62E1B9F25A85}.Debug|ARM.Build.0 = Debug|Any CPU
		{52B59E7D-507D-49C5-A34B-62E1B9F25A85}.Debug|x64.ActiveCfg = Debug|Any CPU
		{52B59E7D-507D-49C5-A34B-62E1B9F25A85}.Debug|x64.Build.0 = Debug|Any CPU
		{52B59E7D-507D-49C5-A34B-62E1B9F25A85}.Debug|x86.ActiveCfg = Debug|Any CPU
		{52B59E7D-507D-49C5-A34B-62E1B9F25A85}.Debug|x86.Build.0 = Debug|Any CPU
		{52B59E7D-507D-49C5-A34B-62E1B9F25A85}.Release|Any CPU.ActiveCfg = Release|Any CPU
		{52B59E7D-507D-49C5-A34B-62E1B9F25A85}.Release|Any CPU.Build.0 = Release|Any CPU
		{52B59E7D-507D-49C5-A34B-62E1B9F25A85}.Release|ARM.ActiveCfg = Release|Any CPU
		{52B59E7D-507D-49C5-A34B-62E1B9F25A85}.Release|ARM.Build.0 = Release|Any CPU
		{52B59E7D-507D-49C5-A34B-62E1B9F25A85}.Release|x64.ActiveCfg = Release|Any CPU
		{52B59E7D-507D-49C5-A34B-62E1B9F25A85}.Release|x64.Build.0 = Release|Any CPU
		{52B59E7D-507D-49C5-A34B-62E1B9F25A85}.Release|x86.ActiveCfg = Release|Any CPU
		{52B59E7D-507D-49C5-A34B-62E1B9F25A85}.Release|x86.Build.0 = Release|Any CPU
		{10E2553A-9CB0-47C9-8907-6C5C80E10FC9}.Debug|Any CPU.ActiveCfg = Debug|Any CPU
		{10E2553A-9CB0-47C9-8907-6C5C80E10FC9}.Debug|Any CPU.Build.0 = Debug|Any CPU
		{10E2553A-9CB0-47C9-8907-6C5C80E10FC9}.Debug|ARM.ActiveCfg = Debug|Any CPU
		{10E2553A-9CB0-47C9-8907-6C5C80E10FC9}.Debug|ARM.Build.0 = Debug|Any CPU
		{10E2553A-9CB0-47C9-8907-6C5C80E10FC9}.Debug|x64.ActiveCfg = Debug|Any CPU
		{10E2553A-9CB0-47C9-8907-6C5C80E10FC9}.Debug|x64.Build.0 = Debug|Any CPU
		{10E2553A-9CB0-47C9-8907-6C5C80E10FC9}.Debug|x86.ActiveCfg = Debug|Any CPU
		{10E2553A-9CB0-47C9-8907-6C5C80E10FC9}.Debug|x86.Build.0 = Debug|Any CPU
		{10E2553A-9CB0-47C9-8907-6C5C80E10FC9}.Release|Any CPU.ActiveCfg = Release|Any CPU
		{10E2553A-9CB0-47C9-8907-6C5C80E10FC9}.Release|Any CPU.Build.0 = Release|Any CPU
		{10E2553A-9CB0-47C9-8907-6C5C80E10FC9}.Release|ARM.ActiveCfg = Release|Any CPU
		{10E2553A-9CB0-47C9-8907-6C5C80E10FC9}.Release|ARM.Build.0 = Release|Any CPU
		{10E2553A-9CB0-47C9-8907-6C5C80E10FC9}.Release|x64.ActiveCfg = Release|Any CPU
		{10E2553A-9CB0-47C9-8907-6C5C80E10FC9}.Release|x64.Build.0 = Release|Any CPU
		{10E2553A-9CB0-47C9-8907-6C5C80E10FC9}.Release|x86.ActiveCfg = Release|Any CPU
		{10E2553A-9CB0-47C9-8907-6C5C80E10FC9}.Release|x86.Build.0 = Release|Any CPU
		{00970A98-54CB-4718-8ADF-6432C9A7B8A3}.Debug|Any CPU.ActiveCfg = Debug|Any CPU
		{00970A98-54CB-4718-8ADF-6432C9A7B8A3}.Debug|Any CPU.Build.0 = Debug|Any CPU
		{00970A98-54CB-4718-8ADF-6432C9A7B8A3}.Debug|ARM.ActiveCfg = Debug|Any CPU
		{00970A98-54CB-4718-8ADF-6432C9A7B8A3}.Debug|ARM.Build.0 = Debug|Any CPU
		{00970A98-54CB-4718-8ADF-6432C9A7B8A3}.Debug|x64.ActiveCfg = Debug|Any CPU
		{00970A98-54CB-4718-8ADF-6432C9A7B8A3}.Debug|x64.Build.0 = Debug|Any CPU
		{00970A98-54CB-4718-8ADF-6432C9A7B8A3}.Debug|x86.ActiveCfg = Debug|Any CPU
		{00970A98-54CB-4718-8ADF-6432C9A7B8A3}.Debug|x86.Build.0 = Debug|Any CPU
		{00970A98-54CB-4718-8ADF-6432C9A7B8A3}.Release|Any CPU.ActiveCfg = Release|Any CPU
		{00970A98-54CB-4718-8ADF-6432C9A7B8A3}.Release|Any CPU.Build.0 = Release|Any CPU
		{00970A98-54CB-4718-8ADF-6432C9A7B8A3}.Release|ARM.ActiveCfg = Release|Any CPU
		{00970A98-54CB-4718-8ADF-6432C9A7B8A3}.Release|ARM.Build.0 = Release|Any CPU
		{00970A98-54CB-4718-8ADF-6432C9A7B8A3}.Release|x64.ActiveCfg = Release|Any CPU
		{00970A98-54CB-4718-8ADF-6432C9A7B8A3}.Release|x64.Build.0 = Release|Any CPU
		{00970A98-54CB-4718-8ADF-6432C9A7B8A3}.Release|x86.ActiveCfg = Release|Any CPU
		{00970A98-54CB-4718-8ADF-6432C9A7B8A3}.Release|x86.Build.0 = Release|Any CPU
		{8AEBE824-4AAB-4E30-B5F3-CEA40D333E47}.Debug|Any CPU.ActiveCfg = Debug|Any CPU
		{8AEBE824-4AAB-4E30-B5F3-CEA40D333E47}.Debug|Any CPU.Build.0 = Debug|Any CPU
		{8AEBE824-4AAB-4E30-B5F3-CEA40D333E47}.Debug|ARM.ActiveCfg = Debug|Any CPU
		{8AEBE824-4AAB-4E30-B5F3-CEA40D333E47}.Debug|ARM.Build.0 = Debug|Any CPU
		{8AEBE824-4AAB-4E30-B5F3-CEA40D333E47}.Debug|x64.ActiveCfg = Debug|Any CPU
		{8AEBE824-4AAB-4E30-B5F3-CEA40D333E47}.Debug|x64.Build.0 = Debug|Any CPU
		{8AEBE824-4AAB-4E30-B5F3-CEA40D333E47}.Debug|x86.ActiveCfg = Debug|Any CPU
		{8AEBE824-4AAB-4E30-B5F3-CEA40D333E47}.Debug|x86.Build.0 = Debug|Any CPU
		{8AEBE824-4AAB-4E30-B5F3-CEA40D333E47}.Release|Any CPU.ActiveCfg = Release|Any CPU
		{8AEBE824-4AAB-4E30-B5F3-CEA40D333E47}.Release|Any CPU.Build.0 = Release|Any CPU
		{8AEBE824-4AAB-4E30-B5F3-CEA40D333E47}.Release|ARM.ActiveCfg = Release|Any CPU
		{8AEBE824-4AAB-4E30-B5F3-CEA40D333E47}.Release|ARM.Build.0 = Release|Any CPU
		{8AEBE824-4AAB-4E30-B5F3-CEA40D333E47}.Release|x64.ActiveCfg = Release|Any CPU
		{8AEBE824-4AAB-4E30-B5F3-CEA40D333E47}.Release|x64.Build.0 = Release|Any CPU
		{8AEBE824-4AAB-4E30-B5F3-CEA40D333E47}.Release|x86.ActiveCfg = Release|Any CPU
		{8AEBE824-4AAB-4E30-B5F3-CEA40D333E47}.Release|x86.Build.0 = Release|Any CPU
		{04F14845-4848-4CC7-A6DB-0F84E8F1D932}.Debug|Any CPU.ActiveCfg = Debug|Any CPU
		{04F14845-4848-4CC7-A6DB-0F84E8F1D932}.Debug|Any CPU.Build.0 = Debug|Any CPU
		{04F14845-4848-4CC7-A6DB-0F84E8F1D932}.Debug|ARM.ActiveCfg = Debug|Any CPU
		{04F14845-4848-4CC7-A6DB-0F84E8F1D932}.Debug|ARM.Build.0 = Debug|Any CPU
		{04F14845-4848-4CC7-A6DB-0F84E8F1D932}.Debug|x64.ActiveCfg = Debug|Any CPU
		{04F14845-4848-4CC7-A6DB-0F84E8F1D932}.Debug|x64.Build.0 = Debug|Any CPU
		{04F14845-4848-4CC7-A6DB-0F84E8F1D932}.Debug|x86.ActiveCfg = Debug|Any CPU
		{04F14845-4848-4CC7-A6DB-0F84E8F1D932}.Debug|x86.Build.0 = Debug|Any CPU
		{04F14845-4848-4CC7-A6DB-0F84E8F1D932}.Release|Any CPU.ActiveCfg = Release|Any CPU
		{04F14845-4848-4CC7-A6DB-0F84E8F1D932}.Release|Any CPU.Build.0 = Release|Any CPU
		{04F14845-4848-4CC7-A6DB-0F84E8F1D932}.Release|ARM.ActiveCfg = Release|Any CPU
		{04F14845-4848-4CC7-A6DB-0F84E8F1D932}.Release|ARM.Build.0 = Release|Any CPU
		{04F14845-4848-4CC7-A6DB-0F84E8F1D932}.Release|x64.ActiveCfg = Release|Any CPU
		{04F14845-4848-4CC7-A6DB-0F84E8F1D932}.Release|x64.Build.0 = Release|Any CPU
		{04F14845-4848-4CC7-A6DB-0F84E8F1D932}.Release|x86.ActiveCfg = Release|Any CPU
		{04F14845-4848-4CC7-A6DB-0F84E8F1D932}.Release|x86.Build.0 = Release|Any CPU
	EndGlobalSection
	GlobalSection(SolutionProperties) = preSolution
		HideSolutionNode = FALSE
	EndGlobalSection
	GlobalSection(NestedProjects) = preSolution
		{420941C7-45D7-482A-97D1-F12F0E4C0193} = {030783D5-8B49-446B-B4BD-623CE9C87C7E}
		{C26548B1-BA0A-48B3-A1F6-466CD81BFD11} = {8D0B2FDE-4C03-437C-82AE-090FC5B18D0B}
		{4C374FAD-F45E-454A-AA35-308DBBAE31EB} = {8D0B2FDE-4C03-437C-82AE-090FC5B18D0B}
		{2470819F-0858-4219-9617-B39C010675D5} = {EBDA1AB9-8272-462A-A0D2-1FDE39F390AA}
		{86631200-8F6B-4FAC-8086-28017AC4E7A5} = {EBDA1AB9-8272-462A-A0D2-1FDE39F390AA}
		{395B3D75-6D59-42C4-9839-D81EE6160411} = {FC9A0D21-3049-40EF-B6F1-55DA2CB685F3}
		{52B59E7D-507D-49C5-A34B-62E1B9F25A85} = {EBDA1AB9-8272-462A-A0D2-1FDE39F390AA}
		{10E2553A-9CB0-47C9-8907-6C5C80E10FC9} = {8D0B2FDE-4C03-437C-82AE-090FC5B18D0B}
		{EBDA1AB9-8272-462A-A0D2-1FDE39F390AA} = {030783D5-8B49-446B-B4BD-623CE9C87C7E}
		{8D0B2FDE-4C03-437C-82AE-090FC5B18D0B} = {030783D5-8B49-446B-B4BD-623CE9C87C7E}
		{00970A98-54CB-4718-8ADF-6432C9A7B8A3} = {EBDA1AB9-8272-462A-A0D2-1FDE39F390AA}
		{8AEBE824-4AAB-4E30-B5F3-CEA40D333E47} = {EBDA1AB9-8272-462A-A0D2-1FDE39F390AA}
		{04F14845-4848-4CC7-A6DB-0F84E8F1D932} = {EBDA1AB9-8272-462A-A0D2-1FDE39F390AA}
	EndGlobalSection
	GlobalSection(ExtensibilityGlobals) = postSolution
		SolutionGuid = {FAAAFC30-CE44-4F6C-A7F6-BA01692C20EE}
	EndGlobalSection
EndGlobal
