
Microsoft Visual Studio Solution File, Format Version 12.00
# Visual Studio 15
VisualStudioVersion = 15.0.27130.2010
MinimumVisualStudioVersion = 10.0.40219.1
Project("{2150E333-8FDC-42A3-9474-1A3956D46DE8}") = "Source", "Source", "{030783D5-8B49-446B-B4BD-623CE9C87C7E}"
EndProject
Project("{2150E333-8FDC-42A3-9474-1A3956D46DE8}") = ".nuspec", ".nuspec", "{A31F0DBA-7B31-40C8-9887-2E51BD76D565}"
	ProjectSection(SolutionItems) = preProject
		nuspec\Invisionware.Settings.AppConfigSettings.AzureCloudAppConfig.nuspec = nuspec\Invisionware.Settings.AppConfigSettings.AzureCloudAppConfig.nuspec
		nuspec\Invisionware.Settings.AppConfigSettings.SystemAppConfig.nuspec = nuspec\Invisionware.Settings.AppConfigSettings.SystemAppConfig.nuspec
		nuspec\Invisionware.Settings.nuspec = nuspec\Invisionware.Settings.nuspec
		nuspec\Invisionware.Settings.Overrides.AppConfig.nuspec = nuspec\Invisionware.Settings.Overrides.AppConfig.nuspec
		nuspec\Invisionware.Settings.Overrides.AzureConfigurationManage.nuspec = nuspec\Invisionware.Settings.Overrides.AzureConfigurationManage.nuspec
		nuspec\Invisionware.Settings.Overrides.CommandLineParser.nuspec = nuspec\Invisionware.Settings.Overrides.CommandLineParser.nuspec
		nuspec\Invisionware.Settings.Sinks.AzureDocumentDb.nuspec = nuspec\Invisionware.Settings.Sinks.AzureDocumentDb.nuspec
		nuspec\Invisionware.Settings.Sinks.AzureStorage.nuspec = nuspec\Invisionware.Settings.Sinks.AzureStorage.nuspec
		nuspec\Invisionware.Settings.Sinks.JsonNet.nuspec = nuspec\Invisionware.Settings.Sinks.JsonNet.nuspec
	EndProjectSection
EndProject
Project("{2150E333-8FDC-42A3-9474-1A3956D46DE8}") = ".misc", ".misc", "{B67DBE97-2A64-4E27-8878-698FC381DABD}"
	ProjectSection(SolutionItems) = preProject
		build.cake = build.cake
		build.settings.json = build.settings.json
		build.version.json = build.version.json
		README.md = README.md
	EndProjectSection
EndProject
Project("{2150E333-8FDC-42A3-9474-1A3956D46DE8}") = "Tests", "Tests", "{FC9A0D21-3049-40EF-B6F1-55DA2CB685F3}"
EndProject
Project("{2150E333-8FDC-42A3-9474-1A3956D46DE8}") = ".nuget", ".nuget", "{170B64E1-5A0B-4469-A44D-BEEB9E88889D}"
	ProjectSection(SolutionItems) = preProject
		.nuget\NuGet.Config = .nuget\NuGet.Config
	EndProjectSection
EndProject
Project("{FAE04EC0-301F-11D3-BF4B-00C04F79EFBC}") = "Invisionware.Settings", "src\Invisionware.Settings\Invisionware.Settings.csproj", "{420941C7-45D7-482A-97D1-F12F0E4C0193}"
EndProject
Project("{FAE04EC0-301F-11D3-BF4B-00C04F79EFBC}") = "Invisionware.Settings.Overrides.AppConfig", "src\Invisionware.Settings.Overrides.AppConfig\Invisionware.Settings.Overrides.AppConfig.csproj", "{C26548B1-BA0A-48B3-A1F6-466CD81BFD11}"
EndProject
Project("{FAE04EC0-301F-11D3-BF4B-00C04F79EFBC}") = "Invisionware.Settings.Overrides.AzureConfigurationManager", "src\Invisionware.Settings.Overrides.AzureConfigurationManager\Invisionware.Settings.Overrides.AzureConfigurationManager.csproj", "{4C374FAD-F45E-454A-AA35-308DBBAE31EB}"
EndProject
Project("{FAE04EC0-301F-11D3-BF4B-00C04F79EFBC}") = "Invisionware.Settings.Sinks.AzureStorage", "src\Invisionware.Settings.Sinks.AzureStorage\Invisionware.Settings.Sinks.AzureStorage.csproj", "{2470819F-0858-4219-9617-B39C010675D5}"
EndProject
Project("{FAE04EC0-301F-11D3-BF4B-00C04F79EFBC}") = "Invisionware.Settings.Sinks.AzureDocumentDb", "src\Invisionware.Settings.Sinks.AzureDocumentDb\Invisionware.Settings.Sinks.AzureDocumentDb.csproj", "{86631200-8F6B-4FAC-8086-28017AC4E7A5}"
EndProject
Project("{FAE04EC0-301F-11D3-BF4B-00C04F79EFBC}") = "Invisionware.Settings.Tests", "tests\Invisionware.Settings.Tests\Invisionware.Settings.Tests.csproj", "{395B3D75-6D59-42C4-9839-D81EE6160411}"
EndProject
Project("{FAE04EC0-301F-11D3-BF4B-00C04F79EFBC}") = "Invisionware.Settings.Sinks.JsonNet", "src\Invisionware.Settings.Sinks.JsonNet\Invisionware.Settings.Sinks.JsonNet.csproj", "{52B59E7D-507D-49C5-A34B-62E1B9F25A85}"
EndProject
Project("{FAE04EC0-301F-11D3-BF4B-00C04F79EFBC}") = "Invisionware.Settings.Overrides.CommandLineParser", "src\Invisionware.Settings.Overrides.CommandLineParser\Invisionware.Settings.Overrides.CommandLineParser.csproj", "{10E2553A-9CB0-47C9-8907-6C5C80E10FC9}"
EndProject
Project("{9A19103F-16F7-4668-BE54-9A1E7A4F7556}") = "Invisionware.Settings.Sinks.AzureDocumentDb.NetStandard", "src\Invisionware.Settings.Sinks.AzureDocumentDb.NetStandard\Invisionware.Settings.Sinks.AzureDocumentDb.NetStandard.csproj", "{B0104221-53C7-4E5E-AC9F-BB50FAA72C85}"
EndProject
Project("{9A19103F-16F7-4668-BE54-9A1E7A4F7556}") = "Invisionware.Settings.Sinks.AzureStorage.NetStandard", "src\Invisionware.Settings.Sinks.AzureStorage.NetStandard\Invisionware.Settings.Sinks.AzureStorage.NetStandard.csproj", "{361D7A3B-E69E-4690-A242-8E948DFCEE30}"
EndProject
Project("{9A19103F-16F7-4668-BE54-9A1E7A4F7556}") = "Invisionware.Settings.Sinks.JsonNet.NetStandard", "src\Invisionware.Settings.Sinks.JsonNet.NetStandard\Invisionware.Settings.Sinks.JsonNet.NetStandard.csproj", "{00C97C3F-9048-4F33-A613-977DF5A09B54}"
EndProject
Project("{2150E333-8FDC-42A3-9474-1A3956D46DE8}") = "Sinks", "Sinks", "{EBDA1AB9-8272-462A-A0D2-1FDE39F390AA}"
EndProject
Project("{2150E333-8FDC-42A3-9474-1A3956D46DE8}") = "Overrides", "Overrides", "{8D0B2FDE-4C03-437C-82AE-090FC5B18D0B}"
EndProject
Project("{D954291E-2A0B-460D-934E-DC6B0785DB48}") = "Invisionware.Settings.Sinks.AzureDocumentDb.Shared", "src\Invisionware.Settings.Sinks.AzureDocumentDb.Shared\Invisionware.Settings.Sinks.AzureDocumentDb.Shared.shproj", "{29018031-D019-4CB6-846B-CC4DB5030F99}"
EndProject
Project("{D954291E-2A0B-460D-934E-DC6B0785DB48}") = "Invisionware.Settings.Sinks.AzureStorage.Shared", "src\Invisionware.Settings.Sinks.AzureStorage.Shared\Invisionware.Settings.Sinks.AzureStorage.Shared.shproj", "{091122EE-23CD-4D5F-B979-EEE7409B47BB}"
EndProject
Project("{D954291E-2A0B-460D-934E-DC6B0785DB48}") = "Invisionware.Settings.Sinks.JsonNet.Shared", "src\Invisionware.Settings.Sinks.JsonNet.Shared\Invisionware.Settings.Sinks.JsonNet.Shared.shproj", "{945F4681-B2BB-4CF6-8B54-E5BED6130B03}"
EndProject
Project("{2150E333-8FDC-42A3-9474-1A3956D46DE8}") = "AzureDocumentDb", "AzureDocumentDb", "{4D00E526-4900-4C0E-9CCD-4DF259C48F55}"
EndProject
Project("{2150E333-8FDC-42A3-9474-1A3956D46DE8}") = "AzureStorage", "AzureStorage", "{5C03CA30-9162-463D-A0A6-0FCE66402FD4}"
EndProject
Project("{2150E333-8FDC-42A3-9474-1A3956D46DE8}") = "JsonNet", "JsonNet", "{F5D6FDF6-9B21-44B7-BE85-5FB63C8E4642}"
EndProject
Project("{2150E333-8FDC-42A3-9474-1A3956D46DE8}") = "ConfigManager", "ConfigManager", "{07C9BAA0-3C3E-4A49-971C-742E66C139A3}"
EndProject
Project("{FAE04EC0-301F-11D3-BF4B-00C04F79EFBC}") = "Invisionware.Settings.AppConfigSettings.SystemAppConfig", "src\Invisionware.Settings.AppConfigSettings.SystemAppConfig\Invisionware.Settings.AppConfigSettings.SystemAppConfig.csproj", "{0182413D-8C14-4077-A436-D4A7CDC89871}"
EndProject
Project("{FAE04EC0-301F-11D3-BF4B-00C04F79EFBC}") = "Invisionware.Settings.AppConfigSettings.AzureCloudAppConfig", "src\Invisionware.Settings.AppConfigSettings.AzureCloudAppConfig\Invisionware.Settings.AppConfigSettings.AzureCloudAppConfig.csproj", "{BED287A0-684C-47FB-B477-702BF3FFCDBF}"
EndProject
Global
	GlobalSection(SharedMSBuildProjectFiles) = preSolution
		src\Invisionware.Settings.Sinks.AzureStorage.Shared\Invisionware.Settings.Sinks.AzureStorage.Shared.projitems*{091122ee-23cd-4d5f-b979-eee7409b47bb}*SharedItemsImports = 13
		src\Invisionware.Settings.Sinks.AzureStorage.Shared\Invisionware.Settings.Sinks.AzureStorage.Shared.projitems*{2470819f-0858-4219-9617-b39c010675d5}*SharedItemsImports = 4
		src\Invisionware.Settings.Sinks.AzureDocumentDb.Shared\Invisionware.Settings.Sinks.AzureDocumentDb.Shared.projitems*{29018031-d019-4cb6-846b-cc4db5030f99}*SharedItemsImports = 13
		src\Invisionware.Settings.Sinks.JsonNet.Shared\Invisionware.Settings.Sinks.JsonNet.Shared.projitems*{52b59e7d-507d-49c5-a34b-62e1b9f25a85}*SharedItemsImports = 4
		src\Invisionware.Settings.Sinks.AzureDocumentDb.Shared\Invisionware.Settings.Sinks.AzureDocumentDb.Shared.projitems*{86631200-8f6b-4fac-8086-28017ac4e7a5}*SharedItemsImports = 4
		src\Invisionware.Settings.Sinks.JsonNet.Shared\Invisionware.Settings.Sinks.JsonNet.Shared.projitems*{945f4681-b2bb-4cf6-8b54-e5bed6130b03}*SharedItemsImports = 13
	EndGlobalSection
	GlobalSection(SolutionConfigurationPlatforms) = preSolution
		Debug|Any CPU = Debug|Any CPU
		Debug|ARM = Debug|ARM
		Debug|x64 = Debug|x64
		Debug|x86 = Debug|x86
		Release|Any CPU = Release|Any CPU
		Release|ARM = Release|ARM
		Release|x64 = Release|x64
		Release|x86 = Release|x86
	EndGlobalSection
	GlobalSection(ProjectConfigurationPlatforms) = postSolution
		{420941C7-45D7-482A-97D1-F12F0E4C0193}.Debug|Any CPU.ActiveCfg = Debug|Any CPU
		{420941C7-45D7-482A-97D1-F12F0E4C0193}.Debug|Any CPU.Build.0 = Debug|Any CPU
		{420941C7-45D7-482A-97D1-F12F0E4C0193}.Debug|ARM.ActiveCfg = Debug|Any CPU
		{420941C7-45D7-482A-97D1-F12F0E4C0193}.Debug|ARM.Build.0 = Debug|Any CPU
		{420941C7-45D7-482A-97D1-F12F0E4C0193}.Debug|x64.ActiveCfg = Debug|Any CPU
		{420941C7-45D7-482A-97D1-F12F0E4C0193}.Debug|x64.Build.0 = Debug|Any CPU
		{420941C7-45D7-482A-97D1-F12F0E4C0193}.Debug|x86.ActiveCfg = Debug|Any CPU
		{420941C7-45D7-482A-97D1-F12F0E4C0193}.Debug|x86.Build.0 = Debug|Any CPU
		{420941C7-45D7-482A-97D1-F12F0E4C0193}.Release|Any CPU.ActiveCfg = Release|Any CPU
		{420941C7-45D7-482A-97D1-F12F0E4C0193}.Release|Any CPU.Build.0 = Release|Any CPU
		{420941C7-45D7-482A-97D1-F12F0E4C0193}.Release|ARM.ActiveCfg = Release|Any CPU
		{420941C7-45D7-482A-97D1-F12F0E4C0193}.Release|ARM.Build.0 = Release|Any CPU
		{420941C7-45D7-482A-97D1-F12F0E4C0193}.Release|x64.ActiveCfg = Release|Any CPU
		{420941C7-45D7-482A-97D1-F12F0E4C0193}.Release|x64.Build.0 = Release|Any CPU
		{420941C7-45D7-482A-97D1-F12F0E4C0193}.Release|x86.ActiveCfg = Release|Any CPU
		{420941C7-45D7-482A-97D1-F12F0E4C0193}.Release|x86.Build.0 = Release|Any CPU
		{C26548B1-BA0A-48B3-A1F6-466CD81BFD11}.Debug|Any CPU.ActiveCfg = Debug|Any CPU
		{C26548B1-BA0A-48B3-A1F6-466CD81BFD11}.Debug|Any CPU.Build.0 = Debug|Any CPU
		{C26548B1-BA0A-48B3-A1F6-466CD81BFD11}.Debug|ARM.ActiveCfg = Debug|Any CPU
		{C26548B1-BA0A-48B3-A1F6-466CD81BFD11}.Debug|ARM.Build.0 = Debug|Any CPU
		{C26548B1-BA0A-48B3-A1F6-466CD81BFD11}.Debug|x64.ActiveCfg = Debug|Any CPU
		{C26548B1-BA0A-48B3-A1F6-466CD81BFD11}.Debug|x64.Build.0 = Debug|Any CPU
		{C26548B1-BA0A-48B3-A1F6-466CD81BFD11}.Debug|x86.ActiveCfg = Debug|Any CPU
		{C26548B1-BA0A-48B3-A1F6-466CD81BFD11}.Debug|x86.Build.0 = Debug|Any CPU
		{C26548B1-BA0A-48B3-A1F6-466CD81BFD11}.Release|Any CPU.ActiveCfg = Release|Any CPU
		{C26548B1-BA0A-48B3-A1F6-466CD81BFD11}.Release|Any CPU.Build.0 = Release|Any CPU
		{C26548B1-BA0A-48B3-A1F6-466CD81BFD11}.Release|ARM.ActiveCfg = Release|Any CPU
		{C26548B1-BA0A-48B3-A1F6-466CD81BFD11}.Release|ARM.Build.0 = Release|Any CPU
		{C26548B1-BA0A-48B3-A1F6-466CD81BFD11}.Release|x64.ActiveCfg = Release|Any CPU
		{C26548B1-BA0A-48B3-A1F6-466CD81BFD11}.Release|x64.Build.0 = Release|Any CPU
		{C26548B1-BA0A-48B3-A1F6-466CD81BFD11}.Release|x86.ActiveCfg = Release|Any CPU
		{C26548B1-BA0A-48B3-A1F6-466CD81BFD11}.Release|x86.Build.0 = Release|Any CPU
		{4C374FAD-F45E-454A-AA35-308DBBAE31EB}.Debug|Any CPU.ActiveCfg = Debug|Any CPU
		{4C374FAD-F45E-454A-AA35-308DBBAE31EB}.Debug|Any CPU.Build.0 = Debug|Any CPU
		{4C374FAD-F45E-454A-AA35-308DBBAE31EB}.Debug|ARM.ActiveCfg = Debug|Any CPU
		{4C374FAD-F45E-454A-AA35-308DBBAE31EB}.Debug|ARM.Build.0 = Debug|Any CPU
		{4C374FAD-F45E-454A-AA35-308DBBAE31EB}.Debug|x64.ActiveCfg = Debug|Any CPU
		{4C374FAD-F45E-454A-AA35-308DBBAE31EB}.Debug|x64.Build.0 = Debug|Any CPU
		{4C374FAD-F45E-454A-AA35-308DBBAE31EB}.Debug|x86.ActiveCfg = Debug|Any CPU
		{4C374FAD-F45E-454A-AA35-308DBBAE31EB}.Debug|x86.Build.0 = Debug|Any CPU
		{4C374FAD-F45E-454A-AA35-308DBBAE31EB}.Release|Any CPU.ActiveCfg = Release|Any CPU
		{4C374FAD-F45E-454A-AA35-308DBBAE31EB}.Release|Any CPU.Build.0 = Release|Any CPU
		{4C374FAD-F45E-454A-AA35-308DBBAE31EB}.Release|ARM.ActiveCfg = Release|Any CPU
		{4C374FAD-F45E-454A-AA35-308DBBAE31EB}.Release|ARM.Build.0 = Release|Any CPU
		{4C374FAD-F45E-454A-AA35-308DBBAE31EB}.Release|x64.ActiveCfg = Release|Any CPU
		{4C374FAD-F45E-454A-AA35-308DBBAE31EB}.Release|x64.Build.0 = Release|Any CPU
		{4C374FAD-F45E-454A-AA35-308DBBAE31EB}.Release|x86.ActiveCfg = Release|Any CPU
		{4C374FAD-F45E-454A-AA35-308DBBAE31EB}.Release|x86.Build.0 = Release|Any CPU
		{2470819F-0858-4219-9617-B39C010675D5}.Debug|Any CPU.ActiveCfg = Debug|Any CPU
		{2470819F-0858-4219-9617-B39C010675D5}.Debug|Any CPU.Build.0 = Debug|Any CPU
		{2470819F-0858-4219-9617-B39C010675D5}.Debug|ARM.ActiveCfg = Debug|Any CPU
		{2470819F-0858-4219-9617-B39C010675D5}.Debug|ARM.Build.0 = Debug|Any CPU
		{2470819F-0858-4219-9617-B39C010675D5}.Debug|x64.ActiveCfg = Debug|Any CPU
		{2470819F-0858-4219-9617-B39C010675D5}.Debug|x64.Build.0 = Debug|Any CPU
		{2470819F-0858-4219-9617-B39C010675D5}.Debug|x86.ActiveCfg = Debug|Any CPU
		{2470819F-0858-4219-9617-B39C010675D5}.Debug|x86.Build.0 = Debug|Any CPU
		{2470819F-0858-4219-9617-B39C010675D5}.Release|Any CPU.ActiveCfg = Release|Any CPU
		{2470819F-0858-4219-9617-B39C010675D5}.Release|Any CPU.Build.0 = Release|Any CPU
		{2470819F-0858-4219-9617-B39C010675D5}.Release|ARM.ActiveCfg = Release|Any CPU
		{2470819F-0858-4219-9617-B39C010675D5}.Release|ARM.Build.0 = Release|Any CPU
		{2470819F-0858-4219-9617-B39C010675D5}.Release|x64.ActiveCfg = Release|Any CPU
		{2470819F-0858-4219-9617-B39C010675D5}.Release|x64.Build.0 = Release|Any CPU
		{2470819F-0858-4219-9617-B39C010675D5}.Release|x86.ActiveCfg = Release|Any CPU
		{2470819F-0858-4219-9617-B39C010675D5}.Release|x86.Build.0 = Release|Any CPU
		{86631200-8F6B-4FAC-8086-28017AC4E7A5}.Debug|Any CPU.ActiveCfg = Debug|Any CPU
		{86631200-8F6B-4FAC-8086-28017AC4E7A5}.Debug|Any CPU.Build.0 = Debug|Any CPU
		{86631200-8F6B-4FAC-8086-28017AC4E7A5}.Debug|ARM.ActiveCfg = Debug|Any CPU
		{86631200-8F6B-4FAC-8086-28017AC4E7A5}.Debug|ARM.Build.0 = Debug|Any CPU
		{86631200-8F6B-4FAC-8086-28017AC4E7A5}.Debug|x64.ActiveCfg = Debug|Any CPU
		{86631200-8F6B-4FAC-8086-28017AC4E7A5}.Debug|x64.Build.0 = Debug|Any CPU
		{86631200-8F6B-4FAC-8086-28017AC4E7A5}.Debug|x86.ActiveCfg = Debug|Any CPU
		{86631200-8F6B-4FAC-8086-28017AC4E7A5}.Debug|x86.Build.0 = Debug|Any CPU
		{86631200-8F6B-4FAC-8086-28017AC4E7A5}.Release|Any CPU.ActiveCfg = Release|Any CPU
		{86631200-8F6B-4FAC-8086-28017AC4E7A5}.Release|Any CPU.Build.0 = Release|Any CPU
		{86631200-8F6B-4FAC-8086-28017AC4E7A5}.Release|ARM.ActiveCfg = Release|Any CPU
		{86631200-8F6B-4FAC-8086-28017AC4E7A5}.Release|ARM.Build.0 = Release|Any CPU
		{86631200-8F6B-4FAC-8086-28017AC4E7A5}.Release|x64.ActiveCfg = Release|Any CPU
		{86631200-8F6B-4FAC-8086-28017AC4E7A5}.Release|x64.Build.0 = Release|Any CPU
		{86631200-8F6B-4FAC-8086-28017AC4E7A5}.Release|x86.ActiveCfg = Release|Any CPU
		{86631200-8F6B-4FAC-8086-28017AC4E7A5}.Release|x86.Build.0 = Release|Any CPU
		{395B3D75-6D59-42C4-9839-D81EE6160411}.Debug|Any CPU.ActiveCfg = Debug|Any CPU
		{395B3D75-6D59-42C4-9839-D81EE6160411}.Debug|Any CPU.Build.0 = Debug|Any CPU
		{395B3D75-6D59-42C4-9839-D81EE6160411}.Debug|ARM.ActiveCfg = Debug|Any CPU
		{395B3D75-6D59-42C4-9839-D81EE6160411}.Debug|ARM.Build.0 = Debug|Any CPU
		{395B3D75-6D59-42C4-9839-D81EE6160411}.Debug|x64.ActiveCfg = Debug|Any CPU
		{395B3D75-6D59-42C4-9839-D81EE6160411}.Debug|x64.Build.0 = Debug|Any CPU
		{395B3D75-6D59-42C4-9839-D81EE6160411}.Debug|x86.ActiveCfg = Debug|Any CPU
		{395B3D75-6D59-42C4-9839-D81EE6160411}.Debug|x86.Build.0 = Debug|Any CPU
		{395B3D75-6D59-42C4-9839-D81EE6160411}.Release|Any CPU.ActiveCfg = Release|Any CPU
		{395B3D75-6D59-42C4-9839-D81EE6160411}.Release|Any CPU.Build.0 = Release|Any CPU
		{395B3D75-6D59-42C4-9839-D81EE6160411}.Release|ARM.ActiveCfg = Release|Any CPU
		{395B3D75-6D59-42C4-9839-D81EE6160411}.Release|ARM.Build.0 = Release|Any CPU
		{395B3D75-6D59-42C4-9839-D81EE6160411}.Release|x64.ActiveCfg = Release|Any CPU
		{395B3D75-6D59-42C4-9839-D81EE6160411}.Release|x64.Build.0 = Release|Any CPU
		{395B3D75-6D59-42C4-9839-D81EE6160411}.Release|x86.ActiveCfg = Release|Any CPU
		{395B3D75-6D59-42C4-9839-D81EE6160411}.Release|x86.Build.0 = Release|Any CPU
		{52B59E7D-507D-49C5-A34B-62E1B9F25A85}.Debug|Any CPU.ActiveCfg = Debug|Any CPU
		{52B59E7D-507D-49C5-A34B-62E1B9F25A85}.Debug|Any CPU.Build.0 = Debug|Any CPU
		{52B59E7D-507D-49C5-A34B-62E1B9F25A85}.Debug|ARM.ActiveCfg = Debug|Any CPU
		{52B59E7D-507D-49C5-A34B-62E1B9F25A85}.Debug|ARM.Build.0 = Debug|Any CPU
		{52B59E7D-507D-49C5-A34B-62E1B9F25A85}.Debug|x64.ActiveCfg = Debug|Any CPU
		{52B59E7D-507D-49C5-A34B-62E1B9F25A85}.Debug|x64.Build.0 = Debug|Any CPU
		{52B59E7D-507D-49C5-A34B-62E1B9F25A85}.Debug|x86.ActiveCfg = Debug|Any CPU
		{52B59E7D-507D-49C5-A34B-62E1B9F25A85}.Debug|x86.Build.0 = Debug|Any CPU
		{52B59E7D-507D-49C5-A34B-62E1B9F25A85}.Release|Any CPU.ActiveCfg = Release|Any CPU
		{52B59E7D-507D-49C5-A34B-62E1B9F25A85}.Release|Any CPU.Build.0 = Release|Any CPU
		{52B59E7D-507D-49C5-A34B-62E1B9F25A85}.Release|ARM.ActiveCfg = Release|Any CPU
		{52B59E7D-507D-49C5-A34B-62E1B9F25A85}.Release|ARM.Build.0 = Release|Any CPU
		{52B59E7D-507D-49C5-A34B-62E1B9F25A85}.Release|x64.ActiveCfg = Release|Any CPU
		{52B59E7D-507D-49C5-A34B-62E1B9F25A85}.Release|x64.Build.0 = Release|Any CPU
		{52B59E7D-507D-49C5-A34B-62E1B9F25A85}.Release|x86.ActiveCfg = Release|Any CPU
		{52B59E7D-507D-49C5-A34B-62E1B9F25A85}.Release|x86.Build.0 = Release|Any CPU
		{10E2553A-9CB0-47C9-8907-6C5C80E10FC9}.Debug|Any CPU.ActiveCfg = Debug|Any CPU
		{10E2553A-9CB0-47C9-8907-6C5C80E10FC9}.Debug|Any CPU.Build.0 = Debug|Any CPU
		{10E2553A-9CB0-47C9-8907-6C5C80E10FC9}.Debug|ARM.ActiveCfg = Debug|Any CPU
		{10E2553A-9CB0-47C9-8907-6C5C80E10FC9}.Debug|ARM.Build.0 = Debug|Any CPU
		{10E2553A-9CB0-47C9-8907-6C5C80E10FC9}.Debug|x64.ActiveCfg = Debug|Any CPU
		{10E2553A-9CB0-47C9-8907-6C5C80E10FC9}.Debug|x64.Build.0 = Debug|Any CPU
		{10E2553A-9CB0-47C9-8907-6C5C80E10FC9}.Debug|x86.ActiveCfg = Debug|Any CPU
		{10E2553A-9CB0-47C9-8907-6C5C80E10FC9}.Debug|x86.Build.0 = Debug|Any CPU
		{10E2553A-9CB0-47C9-8907-6C5C80E10FC9}.Release|Any CPU.ActiveCfg = Release|Any CPU
		{10E2553A-9CB0-47C9-8907-6C5C80E10FC9}.Release|Any CPU.Build.0 = Release|Any CPU
		{10E2553A-9CB0-47C9-8907-6C5C80E10FC9}.Release|ARM.ActiveCfg = Release|Any CPU
		{10E2553A-9CB0-47C9-8907-6C5C80E10FC9}.Release|ARM.Build.0 = Release|Any CPU
		{10E2553A-9CB0-47C9-8907-6C5C80E10FC9}.Release|x64.ActiveCfg = Release|Any CPU
		{10E2553A-9CB0-47C9-8907-6C5C80E10FC9}.Release|x64.Build.0 = Release|Any CPU
		{10E2553A-9CB0-47C9-8907-6C5C80E10FC9}.Release|x86.ActiveCfg = Release|Any CPU
		{10E2553A-9CB0-47C9-8907-6C5C80E10FC9}.Release|x86.Build.0 = Release|Any CPU
		{B0104221-53C7-4E5E-AC9F-BB50FAA72C85}.Debug|Any CPU.ActiveCfg = Debug|Any CPU
		{B0104221-53C7-4E5E-AC9F-BB50FAA72C85}.Debug|Any CPU.Build.0 = Debug|Any CPU
		{B0104221-53C7-4E5E-AC9F-BB50FAA72C85}.Debug|ARM.ActiveCfg = Debug|Any CPU
		{B0104221-53C7-4E5E-AC9F-BB50FAA72C85}.Debug|ARM.Build.0 = Debug|Any CPU
		{B0104221-53C7-4E5E-AC9F-BB50FAA72C85}.Debug|x64.ActiveCfg = Debug|Any CPU
		{B0104221-53C7-4E5E-AC9F-BB50FAA72C85}.Debug|x64.Build.0 = Debug|Any CPU
		{B0104221-53C7-4E5E-AC9F-BB50FAA72C85}.Debug|x86.ActiveCfg = Debug|Any CPU
		{B0104221-53C7-4E5E-AC9F-BB50FAA72C85}.Debug|x86.Build.0 = Debug|Any CPU
		{B0104221-53C7-4E5E-AC9F-BB50FAA72C85}.Release|Any CPU.ActiveCfg = Release|Any CPU
		{B0104221-53C7-4E5E-AC9F-BB50FAA72C85}.Release|Any CPU.Build.0 = Release|Any CPU
		{B0104221-53C7-4E5E-AC9F-BB50FAA72C85}.Release|ARM.ActiveCfg = Release|Any CPU
		{B0104221-53C7-4E5E-AC9F-BB50FAA72C85}.Release|ARM.Build.0 = Release|Any CPU
		{B0104221-53C7-4E5E-AC9F-BB50FAA72C85}.Release|x64.ActiveCfg = Release|Any CPU
		{B0104221-53C7-4E5E-AC9F-BB50FAA72C85}.Release|x64.Build.0 = Release|Any CPU
		{B0104221-53C7-4E5E-AC9F-BB50FAA72C85}.Release|x86.ActiveCfg = Release|Any CPU
		{B0104221-53C7-4E5E-AC9F-BB50FAA72C85}.Release|x86.Build.0 = Release|Any CPU
		{361D7A3B-E69E-4690-A242-8E948DFCEE30}.Debug|Any CPU.ActiveCfg = Debug|Any CPU
		{361D7A3B-E69E-4690-A242-8E948DFCEE30}.Debug|Any CPU.Build.0 = Debug|Any CPU
		{361D7A3B-E69E-4690-A242-8E948DFCEE30}.Debug|ARM.ActiveCfg = Debug|Any CPU
		{361D7A3B-E69E-4690-A242-8E948DFCEE30}.Debug|ARM.Build.0 = Debug|Any CPU
		{361D7A3B-E69E-4690-A242-8E948DFCEE30}.Debug|x64.ActiveCfg = Debug|Any CPU
		{361D7A3B-E69E-4690-A242-8E948DFCEE30}.Debug|x64.Build.0 = Debug|Any CPU
		{361D7A3B-E69E-4690-A242-8E948DFCEE30}.Debug|x86.ActiveCfg = Debug|Any CPU
		{361D7A3B-E69E-4690-A242-8E948DFCEE30}.Debug|x86.Build.0 = Debug|Any CPU
		{361D7A3B-E69E-4690-A242-8E948DFCEE30}.Release|Any CPU.ActiveCfg = Release|Any CPU
		{361D7A3B-E69E-4690-A242-8E948DFCEE30}.Release|Any CPU.Build.0 = Release|Any CPU
		{361D7A3B-E69E-4690-A242-8E948DFCEE30}.Release|ARM.ActiveCfg = Release|Any CPU
		{361D7A3B-E69E-4690-A242-8E948DFCEE30}.Release|ARM.Build.0 = Release|Any CPU
		{361D7A3B-E69E-4690-A242-8E948DFCEE30}.Release|x64.ActiveCfg = Release|Any CPU
		{361D7A3B-E69E-4690-A242-8E948DFCEE30}.Release|x64.Build.0 = Release|Any CPU
		{361D7A3B-E69E-4690-A242-8E948DFCEE30}.Release|x86.ActiveCfg = Release|Any CPU
		{361D7A3B-E69E-4690-A242-8E948DFCEE30}.Release|x86.Build.0 = Release|Any CPU
		{00C97C3F-9048-4F33-A613-977DF5A09B54}.Debug|Any CPU.ActiveCfg = Debug|Any CPU
		{00C97C3F-9048-4F33-A613-977DF5A09B54}.Debug|Any CPU.Build.0 = Debug|Any CPU
		{00C97C3F-9048-4F33-A613-977DF5A09B54}.Debug|ARM.ActiveCfg = Debug|Any CPU
		{00C97C3F-9048-4F33-A613-977DF5A09B54}.Debug|ARM.Build.0 = Debug|Any CPU
		{00C97C3F-9048-4F33-A613-977DF5A09B54}.Debug|x64.ActiveCfg = Debug|Any CPU
		{00C97C3F-9048-4F33-A613-977DF5A09B54}.Debug|x64.Build.0 = Debug|Any CPU
		{00C97C3F-9048-4F33-A613-977DF5A09B54}.Debug|x86.ActiveCfg = Debug|Any CPU
		{00C97C3F-9048-4F33-A613-977DF5A09B54}.Debug|x86.Build.0 = Debug|Any CPU
		{00C97C3F-9048-4F33-A613-977DF5A09B54}.Release|Any CPU.ActiveCfg = Release|Any CPU
		{00C97C3F-9048-4F33-A613-977DF5A09B54}.Release|Any CPU.Build.0 = Release|Any CPU
		{00C97C3F-9048-4F33-A613-977DF5A09B54}.Release|ARM.ActiveCfg = Release|Any CPU
		{00C97C3F-9048-4F33-A613-977DF5A09B54}.Release|ARM.Build.0 = Release|Any CPU
		{00C97C3F-9048-4F33-A613-977DF5A09B54}.Release|x64.ActiveCfg = Release|Any CPU
		{00C97C3F-9048-4F33-A613-977DF5A09B54}.Release|x64.Build.0 = Release|Any CPU
		{00C97C3F-9048-4F33-A613-977DF5A09B54}.Release|x86.ActiveCfg = Release|Any CPU
		{00C97C3F-9048-4F33-A613-977DF5A09B54}.Release|x86.Build.0 = Release|Any CPU
		{0182413D-8C14-4077-A436-D4A7CDC89871}.Debug|Any CPU.ActiveCfg = Debug|Any CPU
		{0182413D-8C14-4077-A436-D4A7CDC89871}.Debug|Any CPU.Build.0 = Debug|Any CPU
		{0182413D-8C14-4077-A436-D4A7CDC89871}.Debug|ARM.ActiveCfg = Debug|Any CPU
		{0182413D-8C14-4077-A436-D4A7CDC89871}.Debug|ARM.Build.0 = Debug|Any CPU
		{0182413D-8C14-4077-A436-D4A7CDC89871}.Debug|x64.ActiveCfg = Debug|Any CPU
		{0182413D-8C14-4077-A436-D4A7CDC89871}.Debug|x64.Build.0 = Debug|Any CPU
		{0182413D-8C14-4077-A436-D4A7CDC89871}.Debug|x86.ActiveCfg = Debug|Any CPU
		{0182413D-8C14-4077-A436-D4A7CDC89871}.Debug|x86.Build.0 = Debug|Any CPU
		{0182413D-8C14-4077-A436-D4A7CDC89871}.Release|Any CPU.ActiveCfg = Release|Any CPU
		{0182413D-8C14-4077-A436-D4A7CDC89871}.Release|Any CPU.Build.0 = Release|Any CPU
		{0182413D-8C14-4077-A436-D4A7CDC89871}.Release|ARM.ActiveCfg = Release|Any CPU
		{0182413D-8C14-4077-A436-D4A7CDC89871}.Release|ARM.Build.0 = Release|Any CPU
		{0182413D-8C14-4077-A436-D4A7CDC89871}.Release|x64.ActiveCfg = Release|Any CPU
		{0182413D-8C14-4077-A436-D4A7CDC89871}.Release|x64.Build.0 = Release|Any CPU
		{0182413D-8C14-4077-A436-D4A7CDC89871}.Release|x86.ActiveCfg = Release|Any CPU
		{0182413D-8C14-4077-A436-D4A7CDC89871}.Release|x86.Build.0 = Release|Any CPU
		{BED287A0-684C-47FB-B477-702BF3FFCDBF}.Debug|Any CPU.ActiveCfg = Debug|Any CPU
		{BED287A0-684C-47FB-B477-702BF3FFCDBF}.Debug|Any CPU.Build.0 = Debug|Any CPU
		{BED287A0-684C-47FB-B477-702BF3FFCDBF}.Debug|ARM.ActiveCfg = Debug|Any CPU
		{BED287A0-684C-47FB-B477-702BF3FFCDBF}.Debug|ARM.Build.0 = Debug|Any CPU
		{BED287A0-684C-47FB-B477-702BF3FFCDBF}.Debug|x64.ActiveCfg = Debug|Any CPU
		{BED287A0-684C-47FB-B477-702BF3FFCDBF}.Debug|x64.Build.0 = Debug|Any CPU
		{BED287A0-684C-47FB-B477-702BF3FFCDBF}.Debug|x86.ActiveCfg = Debug|Any CPU
		{BED287A0-684C-47FB-B477-702BF3FFCDBF}.Debug|x86.Build.0 = Debug|Any CPU
		{BED287A0-684C-47FB-B477-702BF3FFCDBF}.Release|Any CPU.ActiveCfg = Release|Any CPU
		{BED287A0-684C-47FB-B477-702BF3FFCDBF}.Release|Any CPU.Build.0 = Release|Any CPU
		{BED287A0-684C-47FB-B477-702BF3FFCDBF}.Release|ARM.ActiveCfg = Release|Any CPU
		{BED287A0-684C-47FB-B477-702BF3FFCDBF}.Release|ARM.Build.0 = Release|Any CPU
		{BED287A0-684C-47FB-B477-702BF3FFCDBF}.Release|x64.ActiveCfg = Release|Any CPU
		{BED287A0-684C-47FB-B477-702BF3FFCDBF}.Release|x64.Build.0 = Release|Any CPU
		{BED287A0-684C-47FB-B477-702BF3FFCDBF}.Release|x86.ActiveCfg = Release|Any CPU
		{BED287A0-684C-47FB-B477-702BF3FFCDBF}.Release|x86.Build.0 = Release|Any CPU
	EndGlobalSection
	GlobalSection(SolutionProperties) = preSolution
		HideSolutionNode = FALSE
	EndGlobalSection
	GlobalSection(NestedProjects) = preSolution
		{420941C7-45D7-482A-97D1-F12F0E4C0193} = {030783D5-8B49-446B-B4BD-623CE9C87C7E}
		{C26548B1-BA0A-48B3-A1F6-466CD81BFD11} = {8D0B2FDE-4C03-437C-82AE-090FC5B18D0B}
		{4C374FAD-F45E-454A-AA35-308DBBAE31EB} = {8D0B2FDE-4C03-437C-82AE-090FC5B18D0B}
		{2470819F-0858-4219-9617-B39C010675D5} = {5C03CA30-9162-463D-A0A6-0FCE66402FD4}
		{86631200-8F6B-4FAC-8086-28017AC4E7A5} = {4D00E526-4900-4C0E-9CCD-4DF259C48F55}
		{395B3D75-6D59-42C4-9839-D81EE6160411} = {FC9A0D21-3049-40EF-B6F1-55DA2CB685F3}
		{52B59E7D-507D-49C5-A34B-62E1B9F25A85} = {F5D6FDF6-9B21-44B7-BE85-5FB63C8E4642}
		{10E2553A-9CB0-47C9-8907-6C5C80E10FC9} = {8D0B2FDE-4C03-437C-82AE-090FC5B18D0B}
		{B0104221-53C7-4E5E-AC9F-BB50FAA72C85} = {4D00E526-4900-4C0E-9CCD-4DF259C48F55}
		{361D7A3B-E69E-4690-A242-8E948DFCEE30} = {5C03CA30-9162-463D-A0A6-0FCE66402FD4}
		{00C97C3F-9048-4F33-A613-977DF5A09B54} = {F5D6FDF6-9B21-44B7-BE85-5FB63C8E4642}
		{EBDA1AB9-8272-462A-A0D2-1FDE39F390AA} = {030783D5-8B49-446B-B4BD-623CE9C87C7E}
		{8D0B2FDE-4C03-437C-82AE-090FC5B18D0B} = {030783D5-8B49-446B-B4BD-623CE9C87C7E}
		{29018031-D019-4CB6-846B-CC4DB5030F99} = {4D00E526-4900-4C0E-9CCD-4DF259C48F55}
		{091122EE-23CD-4D5F-B979-EEE7409B47BB} = {5C03CA30-9162-463D-A0A6-0FCE66402FD4}
		{945F4681-B2BB-4CF6-8B54-E5BED6130B03} = {F5D6FDF6-9B21-44B7-BE85-5FB63C8E4642}
		{4D00E526-4900-4C0E-9CCD-4DF259C48F55} = {EBDA1AB9-8272-462A-A0D2-1FDE39F390AA}
		{5C03CA30-9162-463D-A0A6-0FCE66402FD4} = {EBDA1AB9-8272-462A-A0D2-1FDE39F390AA}
		{F5D6FDF6-9B21-44B7-BE85-5FB63C8E4642} = {EBDA1AB9-8272-462A-A0D2-1FDE39F390AA}
		{07C9BAA0-3C3E-4A49-971C-742E66C139A3} = {030783D5-8B49-446B-B4BD-623CE9C87C7E}
		{0182413D-8C14-4077-A436-D4A7CDC89871} = {07C9BAA0-3C3E-4A49-971C-742E66C139A3}
		{BED287A0-684C-47FB-B477-702BF3FFCDBF} = {07C9BAA0-3C3E-4A49-971C-742E66C139A3}
	EndGlobalSection
	GlobalSection(ExtensibilityGlobals) = postSolution
		SolutionGuid = {FAAAFC30-CE44-4F6C-A7F6-BA01692C20EE}
	EndGlobalSection
EndGlobal
